
Microsoft Visual Studio Solution File, Format Version 12.00
# Visual Studio 15
VisualStudioVersion = 15.0.26430.15
MinimumVisualStudioVersion = 10.0.40219.1
Project("{FAE04EC0-301F-11D3-BF4B-00C04F79EFBC}") = "MvxApp.Android", "MVVMCross\MVVMCross.Android\MvxApp.Android.csproj", "{4875A7E2-E020-4B05-A815-647B0AF5DEB4}"
EndProject
Project("{FAE04EC0-301F-11D3-BF4B-00C04F79EFBC}") = "MvxApp.iOS", "MVVMCross\MVVMCross.iOS\MvxApp.iOS.csproj", "{5CCE3D7D-67BF-4BB9-98EC-EE4B231D1885}"
EndProject
Project("{FAE04EC0-301F-11D3-BF4B-00C04F79EFBC}") = "MvxApp.UWP", "MVVMCross\MVVMCross.UWP\MvxApp.UWP.csproj", "{FCB97EF0-F455-4B04-87D1-E8D3557BA0D0}"
EndProject
Project("{FAE04EC0-301F-11D3-BF4B-00C04F79EFBC}") = "MvxApp.Corre", "MVVMCross\MVVMCross\MvxApp.Corre.csproj", "{AFC57A3A-812A-41D2-B06B-AD1017E1DEAC}"
EndProject
Global
	GlobalSection(SolutionConfigurationPlatforms) = preSolution
		Debug|Any CPU = Debug|Any CPU
		Debug|ARM = Debug|ARM
		Debug|iPhone = Debug|iPhone
		Debug|iPhoneSimulator = Debug|iPhoneSimulator
		Debug|x64 = Debug|x64
		Debug|x86 = Debug|x86
		Release|Any CPU = Release|Any CPU
		Release|ARM = Release|ARM
		Release|iPhone = Release|iPhone
		Release|iPhoneSimulator = Release|iPhoneSimulator
		Release|x64 = Release|x64
		Release|x86 = Release|x86
	EndGlobalSection
	GlobalSection(ProjectConfigurationPlatforms) = postSolution
		{4875A7E2-E020-4B05-A815-647B0AF5DEB4}.Debug|Any CPU.ActiveCfg = Debug|Any CPU
		{4875A7E2-E020-4B05-A815-647B0AF5DEB4}.Debug|Any CPU.Build.0 = Debug|Any CPU
		{4875A7E2-E020-4B05-A815-647B0AF5DEB4}.Debug|Any CPU.Deploy.0 = Debug|Any CPU
		{4875A7E2-E020-4B05-A815-647B0AF5DEB4}.Debug|ARM.ActiveCfg = Debug|Any CPU
		{4875A7E2-E020-4B05-A815-647B0AF5DEB4}.Debug|ARM.Build.0 = Debug|Any CPU
		{4875A7E2-E020-4B05-A815-647B0AF5DEB4}.Debug|ARM.Deploy.0 = Debug|Any CPU
		{4875A7E2-E020-4B05-A815-647B0AF5DEB4}.Debug|iPhone.ActiveCfg = Debug|Any CPU
		{4875A7E2-E020-4B05-A815-647B0AF5DEB4}.Debug|iPhone.Build.0 = Debug|Any CPU
		{4875A7E2-E020-4B05-A815-647B0AF5DEB4}.Debug|iPhone.Deploy.0 = Debug|Any CPU
		{4875A7E2-E020-4B05-A815-647B0AF5DEB4}.Debug|iPhoneSimulator.ActiveCfg = Debug|Any CPU
		{4875A7E2-E020-4B05-A815-647B0AF5DEB4}.Debug|iPhoneSimulator.Build.0 = Debug|Any CPU
		{4875A7E2-E020-4B05-A815-647B0AF5DEB4}.Debug|iPhoneSimulator.Deploy.0 = Debug|Any CPU
		{4875A7E2-E020-4B05-A815-647B0AF5DEB4}.Debug|x64.ActiveCfg = Debug|Any CPU
		{4875A7E2-E020-4B05-A815-647B0AF5DEB4}.Debug|x64.Build.0 = Debug|Any CPU
		{4875A7E2-E020-4B05-A815-647B0AF5DEB4}.Debug|x64.Deploy.0 = Debug|Any CPU
		{4875A7E2-E020-4B05-A815-647B0AF5DEB4}.Debug|x86.ActiveCfg = Debug|Any CPU
		{4875A7E2-E020-4B05-A815-647B0AF5DEB4}.Debug|x86.Build.0 = Debug|Any CPU
		{4875A7E2-E020-4B05-A815-647B0AF5DEB4}.Debug|x86.Deploy.0 = Debug|Any CPU
		{4875A7E2-E020-4B05-A815-647B0AF5DEB4}.Release|Any CPU.ActiveCfg = Release|Any CPU
		{4875A7E2-E020-4B05-A815-647B0AF5DEB4}.Release|Any CPU.Build.0 = Release|Any CPU
		{4875A7E2-E020-4B05-A815-647B0AF5DEB4}.Release|Any CPU.Deploy.0 = Release|Any CPU
		{4875A7E2-E020-4B05-A815-647B0AF5DEB4}.Release|ARM.ActiveCfg = Release|Any CPU
		{4875A7E2-E020-4B05-A815-647B0AF5DEB4}.Release|ARM.Build.0 = Release|Any CPU
		{4875A7E2-E020-4B05-A815-647B0AF5DEB4}.Release|ARM.Deploy.0 = Release|Any CPU
		{4875A7E2-E020-4B05-A815-647B0AF5DEB4}.Release|iPhone.ActiveCfg = Release|Any CPU
		{4875A7E2-E020-4B05-A815-647B0AF5DEB4}.Release|iPhone.Build.0 = Release|Any CPU
		{4875A7E2-E020-4B05-A815-647B0AF5DEB4}.Release|iPhone.Deploy.0 = Release|Any CPU
		{4875A7E2-E020-4B05-A815-647B0AF5DEB4}.Release|iPhoneSimulator.ActiveCfg = Release|Any CPU
		{4875A7E2-E020-4B05-A815-647B0AF5DEB4}.Release|iPhoneSimulator.Build.0 = Release|Any CPU
		{4875A7E2-E020-4B05-A815-647B0AF5DEB4}.Release|iPhoneSimulator.Deploy.0 = Release|Any CPU
		{4875A7E2-E020-4B05-A815-647B0AF5DEB4}.Release|x64.ActiveCfg = Release|Any CPU
		{4875A7E2-E020-4B05-A815-647B0AF5DEB4}.Release|x64.Build.0 = Release|Any CPU
		{4875A7E2-E020-4B05-A815-647B0AF5DEB4}.Release|x64.Deploy.0 = Release|Any CPU
		{4875A7E2-E020-4B05-A815-647B0AF5DEB4}.Release|x86.ActiveCfg = Release|Any CPU
		{4875A7E2-E020-4B05-A815-647B0AF5DEB4}.Release|x86.Build.0 = Release|Any CPU
		{4875A7E2-E020-4B05-A815-647B0AF5DEB4}.Release|x86.Deploy.0 = Release|Any CPU
		{5CCE3D7D-67BF-4BB9-98EC-EE4B231D1885}.Debug|Any CPU.ActiveCfg = Debug|iPhone
		{5CCE3D7D-67BF-4BB9-98EC-EE4B231D1885}.Debug|ARM.ActiveCfg = Debug|iPhone
		{5CCE3D7D-67BF-4BB9-98EC-EE4B231D1885}.Debug|iPhone.ActiveCfg = Debug|iPhone
		{5CCE3D7D-67BF-4BB9-98EC-EE4B231D1885}.Debug|iPhone.Build.0 = Debug|iPhone
		{5CCE3D7D-67BF-4BB9-98EC-EE4B231D1885}.Debug|iPhoneSimulator.ActiveCfg = Debug|iPhoneSimulator
		{5CCE3D7D-67BF-4BB9-98EC-EE4B231D1885}.Debug|iPhoneSimulator.Build.0 = Debug|iPhoneSimulator
		{5CCE3D7D-67BF-4BB9-98EC-EE4B231D1885}.Debug|x64.ActiveCfg = Debug|iPhone
		{5CCE3D7D-67BF-4BB9-98EC-EE4B231D1885}.Debug|x86.ActiveCfg = Debug|iPhone
		{5CCE3D7D-67BF-4BB9-98EC-EE4B231D1885}.Release|Any CPU.ActiveCfg = Release|iPhone
		{5CCE3D7D-67BF-4BB9-98EC-EE4B231D1885}.Release|ARM.ActiveCfg = Release|iPhone
		{5CCE3D7D-67BF-4BB9-98EC-EE4B231D1885}.Release|iPhone.ActiveCfg = Release|iPhone
		{5CCE3D7D-67BF-4BB9-98EC-EE4B231D1885}.Release|iPhone.Build.0 = Release|iPhone
		{5CCE3D7D-67BF-4BB9-98EC-EE4B231D1885}.Release|iPhoneSimulator.ActiveCfg = Release|iPhoneSimulator
		{5CCE3D7D-67BF-4BB9-98EC-EE4B231D1885}.Release|iPhoneSimulator.Build.0 = Release|iPhoneSimulator
		{5CCE3D7D-67BF-4BB9-98EC-EE4B231D1885}.Release|x64.ActiveCfg = Release|iPhone
		{5CCE3D7D-67BF-4BB9-98EC-EE4B231D1885}.Release|x86.ActiveCfg = Release|iPhone
		{FCB97EF0-F455-4B04-87D1-E8D3557BA0D0}.Debug|Any CPU.ActiveCfg = Debug|x86
		{FCB97EF0-F455-4B04-87D1-E8D3557BA0D0}.Debug|ARM.ActiveCfg = Debug|ARM
		{FCB97EF0-F455-4B04-87D1-E8D3557BA0D0}.Debug|ARM.Build.0 = Debug|ARM
		{FCB97EF0-F455-4B04-87D1-E8D3557BA0D0}.Debug|ARM.Deploy.0 = Debug|ARM
		{FCB97EF0-F455-4B04-87D1-E8D3557BA0D0}.Debug|iPhone.ActiveCfg = Debug|x86
		{FCB97EF0-F455-4B04-87D1-E8D3557BA0D0}.Debug|iPhoneSimulator.ActiveCfg = Debug|x86
		{FCB97EF0-F455-4B04-87D1-E8D3557BA0D0}.Debug|x64.ActiveCfg = Debug|x64
		{FCB97EF0-F455-4B04-87D1-E8D3557BA0D0}.Debug|x64.Build.0 = Debug|x64
		{FCB97EF0-F455-4B04-87D1-E8D3557BA0D0}.Debug|x64.Deploy.0 = Debug|x64
		{FCB97EF0-F455-4B04-87D1-E8D3557BA0D0}.Debug|x86.ActiveCfg = Debug|x86
		{FCB97EF0-F455-4B04-87D1-E8D3557BA0D0}.Debug|x86.Build.0 = Debug|x86
		{FCB97EF0-F455-4B04-87D1-E8D3557BA0D0}.Debug|x86.Deploy.0 = Debug|x86
		{FCB97EF0-F455-4B04-87D1-E8D3557BA0D0}.Release|Any CPU.ActiveCfg = Release|x86
		{FCB97EF0-F455-4B04-87D1-E8D3557BA0D0}.Release|ARM.ActiveCfg = Release|ARM
		{FCB97EF0-F455-4B04-87D1-E8D3557BA0D0}.Release|ARM.Build.0 = Release|ARM
		{FCB97EF0-F455-4B04-87D1-E8D3557BA0D0}.Release|ARM.Deploy.0 = Release|ARM
		{FCB97EF0-F455-4B04-87D1-E8D3557BA0D0}.Release|iPhone.ActiveCfg = Release|x86
		{FCB97EF0-F455-4B04-87D1-E8D3557BA0D0}.Release|iPhoneSimulator.ActiveCfg = Release|x86
		{FCB97EF0-F455-4B04-87D1-E8D3557BA0D0}.Release|x64.ActiveCfg = Release|x64
		{FCB97EF0-F455-4B04-87D1-E8D3557BA0D0}.Release|x64.Build.0 = Release|x64
		{FCB97EF0-F455-4B04-87D1-E8D3557BA0D0}.Release|x64.Deploy.0 = Release|x64
		{FCB97EF0-F455-4B04-87D1-E8D3557BA0D0}.Release|x86.ActiveCfg = Release|x86
		{FCB97EF0-F455-4B04-87D1-E8D3557BA0D0}.Release|x86.Build.0 = Release|x86
		{FCB97EF0-F455-4B04-87D1-E8D3557BA0D0}.Release|x86.Deploy.0 = Release|x86
		{AFC57A3A-812A-41D2-B06B-AD1017E1DEAC}.Debug|Any CPU.ActiveCfg = Debug|Any CPU
		{AFC57A3A-812A-41D2-B06B-AD1017E1DEAC}.Debug|Any CPU.Build.0 = Debug|Any CPU
		{AFC57A3A-812A-41D2-B06B-AD1017E1DEAC}.Debug|ARM.ActiveCfg = Debug|Any CPU
		{AFC57A3A-812A-41D2-B06B-AD1017E1DEAC}.Debug|ARM.Build.0 = Debug|Any CPU
		{AFC57A3A-812A-41D2-B06B-AD1017E1DEAC}.Debug|iPhone.ActiveCfg = Debug|Any CPU
		{AFC57A3A-812A-41D2-B06B-AD1017E1DEAC}.Debug|iPhone.Build.0 = Debug|Any CPU
		{AFC57A3A-812A-41D2-B06B-AD1017E1DEAC}.Debug|iPhoneSimulator.ActiveCfg = Debug|Any CPU
		{AFC57A3A-812A-41D2-B06B-AD1017E1DEAC}.Debug|iPhoneSimulator.Build.0 = Debug|Any CPU
		{AFC57A3A-812A-41D2-B06B-AD1017E1DEAC}.Debug|x64.ActiveCfg = Debug|Any CPU
		{AFC57A3A-812A-41D2-B06B-AD1017E1DEAC}.Debug|x64.Build.0 = Debug|Any CPU
		{AFC57A3A-812A-41D2-B06B-AD1017E1DEAC}.Debug|x86.ActiveCfg = Debug|Any CPU
		{AFC57A3A-812A-41D2-B06B-AD1017E1DEAC}.Debug|x86.Build.0 = Debug|Any CPU
		{AFC57A3A-812A-41D2-B06B-AD1017E1DEAC}.Release|Any CPU.ActiveCfg = Release|Any CPU
		{AFC57A3A-812A-41D2-B06B-AD1017E1DEAC}.Release|Any CPU.Build.0 = Release|Any CPU
		{AFC57A3A-812A-41D2-B06B-AD1017E1DEAC}.Release|ARM.ActiveCfg = Release|Any CPU
		{AFC57A3A-812A-41D2-B06B-AD1017E1DEAC}.Release|ARM.Build.0 = Release|Any CPU
		{AFC57A3A-812A-41D2-B06B-AD1017E1DEAC}.Release|iPhone.ActiveCfg = Release|Any CPU
		{AFC57A3A-812A-41D2-B06B-AD1017E1DEAC}.Release|iPhone.Build.0 = Release|Any CPU
		{AFC57A3A-812A-41D2-B06B-AD1017E1DEAC}.Release|iPhoneSimulator.ActiveCfg = Release|Any CPU
		{AFC57A3A-812A-41D2-B06B-AD1017E1DEAC}.Release|iPhoneSimulator.Build.0 = Release|Any CPU
		{AFC57A3A-812A-41D2-B06B-AD1017E1DEAC}.Release|x64.ActiveCfg = Release|Any CPU
		{AFC57A3A-812A-41D2-B06B-AD1017E1DEAC}.Release|x64.Build.0 = Release|Any CPU
		{AFC57A3A-812A-41D2-B06B-AD1017E1DEAC}.Release|x86.ActiveCfg = Release|Any CPU
		{AFC57A3A-812A-41D2-B06B-AD1017E1DEAC}.Release|x86.Build.0 = Release|Any CPU
	EndGlobalSection
	GlobalSection(SolutionProperties) = preSolution
		HideSolutionNode = FALSE
	EndGlobalSection
EndGlobal
